
Microsoft Visual Studio Solution File, Format Version 12.00
# Visual Studio Version 17
VisualStudioVersion = 17.8.34511.84
MinimumVisualStudioVersion = 10.0.40219.1
Project("{FAE04EC0-301F-11D3-BF4B-00C04F79EFBC}") = "TaskManagementApi", "TaskManagementApi.csproj", "{6B5D1B71-7CB1-4C5E-BBA4-F93888AF014B}"
EndProject
Global
	GlobalSection(SolutionConfigurationPlatforms) = preSolution
		Debug|Any CPU = Debug|Any CPU
		Release|Any CPU = Release|Any CPU
	EndGlobalSection
	GlobalSection(ProjectConfigurationPlatforms) = postSolution
		{6B5D1B71-7CB1-4C5E-BBA4-F93888AF014B}.Debug|Any CPU.ActiveCfg = Debug|Any CPU
		{6B5D1B71-7CB1-4C5E-BBA4-F93888AF014B}.Debug|Any CPU.Build.0 = Debug|Any CPU
		{6B5D1B71-7CB1-4C5E-BBA4-F93888AF014B}.Release|Any CPU.ActiveCfg = Release|Any CPU
		{6B5D1B71-7CB1-4C5E-BBA4-F93888AF014B}.Release|Any CPU.Build.0 = Release|Any CPU
	EndGlobalSection
	GlobalSection(SolutionProperties) = preSolution
		HideSolutionNode = FALSE
	EndGlobalSection
	GlobalSection(ExtensibilityGlobals) = postSolution
		SolutionGuid = {89B99C76-B50C-4550-AA28-E1E56D31BF47}
	EndGlobalSection
EndGlobal
